<?xml version="1.0" encoding="utf-8"?>
<Project ToolsVersion="4.0" xmlns="http://schemas.microsoft.com/developer/msbuild/2003">
  <ItemGroup>
    <Filter Include="src">
      <UniqueIdentifier>{89d6a7af-aeeb-423d-8bd2-1f69bc370a20}</UniqueIdentifier>
    </Filter>
    <Filter Include="lib">
      <UniqueIdentifier>{d1280090-ee41-4217-ac61-7300ea435456}</UniqueIdentifier>
    </Filter>
    <Filter Include="lib\glad">
      <UniqueIdentifier>{8e0f25fb-b5ee-4929-b33b-31042ada7e43}</UniqueIdentifier>
    </Filter>
    <Filter Include="lib\lodepng">
      <UniqueIdentifier>{ea3fba6d-a1f4-4d90-a11a-9c8839bd767b}</UniqueIdentifier>
    </Filter>
    <Filter Include="src\softphys">
      <UniqueIdentifier>{de0348bf-44fa-4163-a32d-0118848288b2}</UniqueIdentifier>
    </Filter>
    <Filter Include="src\softphys\font">
      <UniqueIdentifier>{4894c415-8cad-4f80-a1ce-ce56d88c695d}</UniqueIdentifier>
    </Filter>
    <Filter Include="src\softphys\viewer">
      <UniqueIdentifier>{99e81650-a29d-4039-9768-7316ded01691}</UniqueIdentifier>
    </Filter>
    <Filter Include="src\softphys\physics">
      <UniqueIdentifier>{cfcf63a4-9c09-41f2-acc4-2ae949563161}</UniqueIdentifier>
    </Filter>
    <Filter Include="src\softphys\data">
      <UniqueIdentifier>{a0e15b13-debf-4a8c-99b8-20c22036a545}</UniqueIdentifier>
    </Filter>
    <Filter Include="src\softphys\physics\object">
      <UniqueIdentifier>{e66b785f-4fd2-4723-a392-6e80274f4263}</UniqueIdentifier>
    </Filter>
    <Filter Include="src\shader">
      <UniqueIdentifier>{d9b3976c-8fc4-48a0-8c0c-987bdde79eeb}</UniqueIdentifier>
    </Filter>
    <Filter Include="src\softphys\viewer\model">
      <UniqueIdentifier>{b79bb923-6bbb-401e-aa57-82a848451942}</UniqueIdentifier>
    </Filter>
    <Filter Include="src\softphys\scene">
      <UniqueIdentifier>{1e631a14-8310-421d-a3e3-5c0bb3e12ff9}</UniqueIdentifier>
    </Filter>
    <Filter Include="src\softphys\json">
      <UniqueIdentifier>{c198a6a6-515d-4eaa-a137-6167961f8441}</UniqueIdentifier>
    </Filter>
    <Filter Include="data">
      <UniqueIdentifier>{344503aa-0bd4-40e4-8ee2-7ef579b42f76}</UniqueIdentifier>
    </Filter>
    <Filter Include="src\softphys\model">
      <UniqueIdentifier>{c3edfbb9-97dd-413d-8c8a-669e390c28ca}</UniqueIdentifier>
    </Filter>
    <Filter Include="src\softphys\model\visual">
      <UniqueIdentifier>{eb434a5c-fd70-47c6-a747-379a5bfb0273}</UniqueIdentifier>
    </Filter>
    <Filter Include="src\softphys\model\physics">
      <UniqueIdentifier>{1c1943db-a87d-4f06-8d61-043f93e5b975}</UniqueIdentifier>
    </Filter>
    <Filter Include="git">
      <UniqueIdentifier>{7067b40a-91c4-482d-bc2d-6d8a47276909}</UniqueIdentifier>
    </Filter>
    <Filter Include="src\softphys\viewer\shader">
      <UniqueIdentifier>{ba675203-ccbf-439f-a278-1665901d3216}</UniqueIdentifier>
    </Filter>
    <Filter Include="src\softphys\widget">
      <UniqueIdentifier>{d671566c-9edf-430e-a5b7-ce4ae0016858}</UniqueIdentifier>
    </Filter>
  </ItemGroup>
  <ItemGroup>
    <ClCompile Include="..\lib\glad\glad.c">
      <Filter>lib\glad</Filter>
    </ClCompile>
    <ClCompile Include="..\lib\lodepng\lodepng.cpp">
      <Filter>lib\lodepng</Filter>
    </ClCompile>
    <ClCompile Include="..\src\softphys\font\font_face.cc">
      <Filter>src\softphys\font</Filter>
    </ClCompile>
    <ClCompile Include="..\src\softphys\font\font_faces.cc">
      <Filter>src\softphys\font</Filter>
    </ClCompile>
    <ClCompile Include="..\src\softphys\font\gl_glyphs.cc">
      <Filter>src\softphys\font</Filter>
    </ClCompile>
    <ClCompile Include="..\src\softphys\font\glyph.cc">
      <Filter>src\softphys\font</Filter>
    </ClCompile>
    <ClCompile Include="..\src\main.cc">
      <Filter>src\softphys</Filter>
    </ClCompile>
    <ClCompile Include="..\src\softphys\engine.cc">
      <Filter>src\softphys</Filter>
    </ClCompile>
    <ClCompile Include="..\src\softphys\viewer\camera.cc">
      <Filter>src\softphys\viewer</Filter>
    </ClCompile>
    <ClCompile Include="..\src\softphys\viewer\gl_vertex_array.cc">
      <Filter>src\softphys\viewer</Filter>
    </ClCompile>
    <ClCompile Include="..\src\softphys\viewer\mouse.cc">
      <Filter>src\softphys\viewer</Filter>
    </ClCompile>
    <ClCompile Include="..\src\softphys\viewer\window.cc">
      <Filter>src\softphys\viewer</Filter>
    </ClCompile>
    <ClCompile Include="..\src\softphys\data\assimp_mesh.cc">
      <Filter>src\softphys\data</Filter>
    </ClCompile>
    <ClCompile Include="..\src\softphys\physics\physics.cc">
      <Filter>src\softphys\physics</Filter>
    </ClCompile>
    <ClCompile Include="..\src\softphys\viewer\model\ground_model.cc">
      <Filter>src\softphys\viewer\model</Filter>
    </ClCompile>
    <ClCompile Include="..\src\softphys\scene\scene.cc">
      <Filter>src\softphys\scene</Filter>
    </ClCompile>
    <ClCompile Include="..\src\softphys\scene\scene_loader.cc">
      <Filter>src\softphys\scene</Filter>
    </ClCompile>
    <ClCompile Include="..\src\softphys\physics\physics_loader.cc">
      <Filter>src\softphys\physics</Filter>
    </ClCompile>
    <ClCompile Include="..\src\softphys\model\model.cc">
      <Filter>src\softphys\model</Filter>
    </ClCompile>
    <ClCompile Include="..\src\softphys\model\modelset.cc">
      <Filter>src\softphys\model</Filter>
    </ClCompile>
    <ClCompile Include="..\src\softphys\model\modelset_loader.cc">
      <Filter>src\softphys\model</Filter>
    </ClCompile>
    <ClCompile Include="..\src\softphys\viewer\model\model.cc">
      <Filter>src\softphys\viewer\model</Filter>
    </ClCompile>
    <ClCompile Include="..\src\softphys\model\material.cc">
      <Filter>src\softphys\model</Filter>
    </ClCompile>
    <ClCompile Include="..\src\softphys\viewer\model\sphere_model.cc">
      <Filter>src\softphys\viewer\model</Filter>
    </ClCompile>
    <ClCompile Include="..\src\softphys\viewer\model\polar_sphere_model.cc">
      <Filter>src\softphys\viewer\model</Filter>
    </ClCompile>
    <ClCompile Include="..\src\softphys\viewer\model\cylinder_model.cc">
      <Filter>src\softphys\viewer\model</Filter>
    </ClCompile>
    <ClCompile Include="..\src\softphys\viewer\model\cone_model.cc">
      <Filter>src\softphys\viewer\model</Filter>
    </ClCompile>
    <ClCompile Include="..\src\softphys\physics\object\object.cc">
      <Filter>src\softphys\physics\object</Filter>
    </ClCompile>
    <ClCompile Include="..\src\softphys\physics\object\ground.cc">
      <Filter>src\softphys\physics\object</Filter>
    </ClCompile>
    <ClCompile Include="..\src\softphys\physics\object\sphere.cc">
      <Filter>src\softphys\physics\object</Filter>
    </ClCompile>
    <ClCompile Include="..\src\softphys\physics\object\rigid_body.cc">
      <Filter>src\softphys\physics\object</Filter>
    </ClCompile>
    <ClCompile Include="..\src\softphys\model\visual\visual.cc">
      <Filter>src\softphys\model\visual</Filter>
    </ClCompile>
    <ClCompile Include="..\src\softphys\model\visual\visual_sphere.cc">
      <Filter>src\softphys\model\visual</Filter>
    </ClCompile>
    <ClCompile Include="..\src\softphys\model\physics\physics.cc">
      <Filter>src\softphys\model\physics</Filter>
    </ClCompile>
    <ClCompile Include="..\src\softphys\model\physics\physics_sphere.cc">
      <Filter>src\softphys\model\physics</Filter>
    </ClCompile>
    <ClCompile Include="..\src\softphys\physics\object\cube.cc">
      <Filter>src\softphys\physics\object</Filter>
    </ClCompile>
    <ClCompile Include="..\src\softphys\model\physics\physics_cube.cc">
      <Filter>src\softphys\model\physics</Filter>
    </ClCompile>
    <ClCompile Include="..\src\softphys\model\visual\visual_cube.cc">
      <Filter>src\softphys\model\visual</Filter>
    </ClCompile>
    <ClCompile Include="..\src\softphys\viewer\model\cube_model.cc">
      <Filter>src\softphys\viewer\model</Filter>
    </ClCompile>
    <ClCompile Include="..\src\softphys\viewer\model_viewer.cc">
      <Filter>src\softphys\viewer</Filter>
    </ClCompile>
    <ClCompile Include="..\src\softphys\viewer\shader\gl_program.cc">
      <Filter>src\softphys\viewer\shader</Filter>
    </ClCompile>
    <ClCompile Include="..\src\softphys\viewer\shader\gl_shader.cc">
      <Filter>src\softphys\viewer\shader</Filter>
    </ClCompile>
    <ClCompile Include="..\src\softphys\widget\widget.cc">
      <Filter>src\softphys\widget</Filter>
    </ClCompile>
    <ClCompile Include="..\src\softphys\widget\viewer.cc">
      <Filter>src\softphys\widget</Filter>
    </ClCompile>
    <ClCompile Include="..\src\softphys\widget\treeview.cc">
      <Filter>src\softphys\widget</Filter>
    </ClCompile>
    <ClCompile Include="..\src\softphys\widget\splitview.cc">
      <Filter>src\softphys\widget</Filter>
    </ClCompile>
    <ClCompile Include="..\src\softphys\viewer\painter.cc">
      <Filter>src\softphys\viewer</Filter>
    </ClCompile>
  </ItemGroup>
  <ItemGroup>
    <ClInclude Include="..\lib\lodepng\lodepng.h">
      <Filter>lib\lodepng</Filter>
    </ClInclude>
    <ClInclude Include="..\lib\glad\glad.h">
      <Filter>lib\glad</Filter>
    </ClInclude>
    <ClInclude Include="..\src\softphys\font\font_face.h">
      <Filter>src\softphys\font</Filter>
    </ClInclude>
    <ClInclude Include="..\src\softphys\font\font_faces.h">
      <Filter>src\softphys\font</Filter>
    </ClInclude>
    <ClInclude Include="..\src\softphys\font\gl_glyphs.h">
      <Filter>src\softphys\font</Filter>
    </ClInclude>
    <ClInclude Include="..\src\softphys\font\glyph.h">
      <Filter>src\softphys\font</Filter>
    </ClInclude>
    <ClInclude Include="..\src\softphys\engine.h">
      <Filter>src\softphys</Filter>
    </ClInclude>
    <ClInclude Include="..\src\softphys\viewer\camera.h">
      <Filter>src\softphys\viewer</Filter>
    </ClInclude>
    <ClInclude Include="..\src\softphys\viewer\gl_buffer.h">
      <Filter>src\softphys\viewer</Filter>
    </ClInclude>
    <ClInclude Include="..\src\softphys\viewer\gl_vertex_array.h">
      <Filter>src\softphys\viewer</Filter>
    </ClInclude>
    <ClInclude Include="..\src\softphys\viewer\mouse.h">
      <Filter>src\softphys\viewer</Filter>
    </ClInclude>
    <ClInclude Include="..\src\softphys\viewer\mouse_event.h">
      <Filter>src\softphys\viewer</Filter>
    </ClInclude>
    <ClInclude Include="..\src\softphys\viewer\window.h">
      <Filter>src\softphys\viewer</Filter>
    </ClInclude>
    <ClInclude Include="..\src\softphys\data\texture.h">
      <Filter>src\softphys\data</Filter>
    </ClInclude>
    <ClInclude Include="..\src\softphys\data\assimp_mesh.h">
      <Filter>src\softphys\data</Filter>
    </ClInclude>
    <ClInclude Include="..\src\softphys\physics\physics.h">
      <Filter>src\softphys\physics</Filter>
    </ClInclude>
    <ClInclude Include="..\src\softphys\viewer\model\sphere_model.h">
      <Filter>src\softphys\viewer\model</Filter>
    </ClInclude>
    <ClInclude Include="..\src\softphys\viewer\model\ground_model.h">
      <Filter>src\softphys\viewer\model</Filter>
    </ClInclude>
    <ClInclude Include="..\src\softphys\viewer\material.h">
      <Filter>src\softphys\viewer</Filter>
    </ClInclude>
    <ClInclude Include="..\src\softphys\scene\scene.h">
      <Filter>src\softphys\scene</Filter>
    </ClInclude>
    <ClInclude Include="..\src\softphys\viewer\light.h">
      <Filter>src\softphys\viewer</Filter>
    </ClInclude>
    <ClInclude Include="..\src\softphys\scene\scene_loader.h">
      <Filter>src\softphys\scene</Filter>
    </ClInclude>
    <ClInclude Include="..\src\softphys\json\json.h">
      <Filter>src\softphys\json</Filter>
    </ClInclude>
    <ClInclude Include="..\src\softphys\physics\physics_loader.h">
      <Filter>src\softphys\physics</Filter>
    </ClInclude>
    <ClInclude Include="..\src\softphys\model\model.h">
      <Filter>src\softphys\model</Filter>
    </ClInclude>
    <ClInclude Include="..\src\softphys\model\modelset.h">
      <Filter>src\softphys\model</Filter>
    </ClInclude>
    <ClInclude Include="..\src\softphys\model\modelset_loader.h">
      <Filter>src\softphys\model</Filter>
    </ClInclude>
    <ClInclude Include="..\src\softphys\viewer\model\model.h">
      <Filter>src\softphys\viewer\model</Filter>
    </ClInclude>
    <ClInclude Include="..\src\softphys\model\material.h">
      <Filter>src\softphys\model</Filter>
    </ClInclude>
    <ClInclude Include="..\src\softphys\data\eigen.h">
      <Filter>src\softphys\data</Filter>
    </ClInclude>
    <ClInclude Include="..\src\softphys\viewer\model\polar_sphere_model.h">
      <Filter>src\softphys\viewer\model</Filter>
    </ClInclude>
    <ClInclude Include="..\src\softphys\viewer\gl_texture_2d.h">
      <Filter>src\softphys\viewer</Filter>
    </ClInclude>
    <ClInclude Include="..\src\softphys\viewer\gl_texture_cube_map.h">
      <Filter>src\softphys\viewer</Filter>
    </ClInclude>
    <ClInclude Include="..\src\softphys\viewer\gl_texture.h">
      <Filter>src\softphys\viewer</Filter>
    </ClInclude>
    <ClInclude Include="..\src\softphys\viewer\model\cylinder_model.h">
      <Filter>src\softphys\viewer\model</Filter>
    </ClInclude>
    <ClInclude Include="..\src\softphys\viewer\model\cone_model.h">
      <Filter>src\softphys\viewer\model</Filter>
    </ClInclude>
    <ClInclude Include="..\src\softphys\physics\object\object.h">
      <Filter>src\softphys\physics\object</Filter>
    </ClInclude>
    <ClInclude Include="..\src\softphys\physics\object\ground.h">
      <Filter>src\softphys\physics\object</Filter>
    </ClInclude>
    <ClInclude Include="..\src\softphys\physics\object\sphere.h">
      <Filter>src\softphys\physics\object</Filter>
    </ClInclude>
    <ClInclude Include="..\src\softphys\physics\object\rigid_body.h">
      <Filter>src\softphys\physics\object</Filter>
    </ClInclude>
    <ClInclude Include="..\src\softphys\model\visual\visual.h">
      <Filter>src\softphys\model\visual</Filter>
    </ClInclude>
    <ClInclude Include="..\src\softphys\model\visual\visual_sphere.h">
      <Filter>src\softphys\model\visual</Filter>
    </ClInclude>
    <ClInclude Include="..\src\softphys\model\physics\physics.h">
      <Filter>src\softphys\model\physics</Filter>
    </ClInclude>
    <ClInclude Include="..\src\softphys\model\physics\physics_sphere.h">
      <Filter>src\softphys\model\physics</Filter>
    </ClInclude>
    <ClInclude Include="..\src\softphys\physics\object\cube.h">
      <Filter>src\softphys\physics\object</Filter>
    </ClInclude>
    <ClInclude Include="..\src\softphys\model\physics\physics_cube.h">
      <Filter>src\softphys\model\physics</Filter>
    </ClInclude>
    <ClInclude Include="..\src\softphys\model\visual\visual_cube.h">
      <Filter>src\softphys\model\visual</Filter>
    </ClInclude>
    <ClInclude Include="..\src\softphys\viewer\model\cube_model.h">
      <Filter>src\softphys\viewer\model</Filter>
    </ClInclude>
    <ClInclude Include="..\src\softphys\viewer\model_viewer.h">
      <Filter>src\softphys\viewer</Filter>
    </ClInclude>
    <ClInclude Include="..\src\softphys\viewer\shader\gl_program.h">
      <Filter>src\softphys\viewer\shader</Filter>
    </ClInclude>
    <ClInclude Include="..\src\softphys\viewer\shader\gl_shader.h">
      <Filter>src\softphys\viewer\shader</Filter>
    </ClInclude>
    <ClInclude Include="..\src\softphys\widget\widget.h">
      <Filter>src\softphys\widget</Filter>
    </ClInclude>
    <ClInclude Include="..\src\softphys\widget\viewer.h">
      <Filter>src\softphys\widget</Filter>
    </ClInclude>
    <ClInclude Include="..\src\softphys\widget\treeview.h">
      <Filter>src\softphys\widget</Filter>
    </ClInclude>
    <ClInclude Include="..\src\softphys\widget\splitview.h">
      <Filter>src\softphys\widget</Filter>
    </ClInclude>
    <ClInclude Include="..\src\softphys\viewer\painter.h">
      <Filter>src\softphys\viewer</Filter>
    </ClInclude>
  </ItemGroup>
  <ItemGroup>
    <None Include="..\src\shader\color.frag">
      <Filter>src\shader</Filter>
    </None>
    <None Include="..\src\shader\color.vert">
      <Filter>src\shader</Filter>
    </None>
    <None Include="..\src\shader\ground.frag">
      <Filter>src\shader</Filter>
    </None>
    <None Include="..\src\shader\ground.vert">
      <Filter>src\shader</Filter>
    </None>
    <None Include="..\src\shader\text.frag">
      <Filter>src\shader</Filter>
    </None>
    <None Include="..\src\shader\text.vert">
      <Filter>src\shader</Filter>
    </None>
    <None Include="..\src\shader\texture.frag">
      <Filter>src\shader</Filter>
    </None>
    <None Include="..\src\shader\texture.vert">
      <Filter>src\shader</Filter>
    </None>
    <None Include="..\src\shader\uniform_color.vert">
      <Filter>src\shader</Filter>
    </None>
    <None Include="..\src\shader\uniform_color.frag">
      <Filter>src\shader</Filter>
    </None>
    <None Include="..\src\shader\ray_ground.frag">
      <Filter>src\shader</Filter>
    </None>
    <None Include="..\src\shader\ray_ground.vert">
      <Filter>src\shader</Filter>
    </None>
    <None Include="..\src\shader\light.frag">
      <Filter>src\shader</Filter>
    </None>
    <None Include="..\src\shader\light.vert">
      <Filter>src\shader</Filter>
    </None>
    <None Include="..\data\scene.json">
      <Filter>data</Filter>
    </None>
    <None Include="..\data\physics.json">
      <Filter>data</Filter>
    </None>
    <None Include="..\data\models.json">
      <Filter>data</Filter>
    </None>
    <None Include="..\src\shader\light_cubemap.frag">
      <Filter>src\shader</Filter>
    </None>
    <None Include="..\src\shader\light_cubemap.vert">
      <Filter>src\shader</Filter>
    </None>
    <None Include="..\.gitattributes">
      <Filter>git</Filter>
    </None>
    <None Include="..\.gitignore">
      <Filter>git</Filter>
    </None>
    <None Include="..\README.md">
      <Filter>git</Filter>
    </None>
    <None Include="..\data\ryan.json">
      <Filter>data</Filter>
    </None>
    <None Include="..\src\shader\ui.frag">
      <Filter>src\shader</Filter>
    </None>
    <None Include="..\src\shader\ui.vert">
      <Filter>src\shader</Filter>
    </None>
  </ItemGroup>
</Project>